
Microsoft Visual Studio Solution File, Format Version 12.00
Project("{FAE04EC0-301F-11D3-BF4B-00C04F79EFBC}") = "ConsoleApp5", "ConsoleApp5\ConsoleApp5.csproj", "{DBE8BBC0-7351-41D9-960B-D70116D7EC82}"
EndProject
Global
	GlobalSection(SolutionConfigurationPlatforms) = preSolution
		Debug|Any CPU = Debug|Any CPU
		Release|Any CPU = Release|Any CPU
	EndGlobalSection
	GlobalSection(ProjectConfigurationPlatforms) = postSolution
		{DBE8BBC0-7351-41D9-960B-D70116D7EC82}.Debug|Any CPU.ActiveCfg = Debug|Any CPU
		{DBE8BBC0-7351-41D9-960B-D70116D7EC82}.Debug|Any CPU.Build.0 = Debug|Any CPU
		{DBE8BBC0-7351-41D9-960B-D70116D7EC82}.Release|Any CPU.ActiveCfg = Release|Any CPU
		{DBE8BBC0-7351-41D9-960B-D70116D7EC82}.Release|Any CPU.Build.0 = Release|Any CPU
	EndGlobalSection
EndGlobal
